
Microsoft Visual Studio Solution File, Format Version 12.00
# Visual Studio Version 16
VisualStudioVersion = 16.0.30114.105
MinimumVisualStudioVersion = 10.0.40219.1
Project("{F2A71F9B-5D33-465A-A702-920D77279786}") = "test-buildproject", "test-buildproject.fsproj", "{EE7F5E59-56E9-48EC-A873-FD3AEBE9867A}"
EndProject
Project("{F2A71F9B-5D33-465A-A702-920D77279786}") = "build", "build\build.fsproj", "{2A03B673-C9A0-4910-B218-18A918FFFC21}"
EndProject
Global
	GlobalSection(SolutionConfigurationPlatforms) = preSolution
		Debug|Any CPU = Debug|Any CPU
		Release|Any CPU = Release|Any CPU
	EndGlobalSection
	GlobalSection(SolutionProperties) = preSolution
		HideSolutionNode = FALSE
	EndGlobalSection
	GlobalSection(ProjectConfigurationPlatforms) = postSolution
		{EE7F5E59-56E9-48EC-A873-FD3AEBE9867A}.Debug|Any CPU.ActiveCfg = Debug|Any CPU
		{EE7F5E59-56E9-48EC-A873-FD3AEBE9867A}.Debug|Any CPU.Build.0 = Debug|Any CPU
		{EE7F5E59-56E9-48EC-A873-FD3AEBE9867A}.Release|Any CPU.ActiveCfg = Release|Any CPU
		{EE7F5E59-56E9-48EC-A873-FD3AEBE9867A}.Release|Any CPU.Build.0 = Release|Any CPU
		{2A03B673-C9A0-4910-B218-18A918FFFC21}.Debug|Any CPU.ActiveCfg = Debug|Any CPU
		{2A03B673-C9A0-4910-B218-18A918FFFC21}.Debug|Any CPU.Build.0 = Debug|Any CPU
		{2A03B673-C9A0-4910-B218-18A918FFFC21}.Release|Any CPU.ActiveCfg = Release|Any CPU
		{2A03B673-C9A0-4910-B218-18A918FFFC21}.Release|Any CPU.Build.0 = Release|Any CPU
	EndGlobalSection
EndGlobal
